
Microsoft Visual Studio Solution File, Format Version 12.00
# Visual Studio Version 17
VisualStudioVersion = 17.2.32516.85
MinimumVisualStudioVersion = 10.0.40219.1
Project("{9A19103F-16F7-4668-BE54-9A1E7A4F7556}") = "Shop", "Shop.csproj", "{2438F9F5-F05B-43A0-A491-74D08CFFE561}"
EndProject
Project("{FAE04EC0-301F-11D3-BF4B-00C04F79EFBC}") = "DAL", "..\DAL\DAL.csproj", "{3A7F70FE-F750-4F8F-AD6F-CD4E30C0ED11}"
EndProject
Project("{FAE04EC0-301F-11D3-BF4B-00C04F79EFBC}") = "Core", "..\Core\Core.csproj", "{7CDAE67F-92C6-4D50-8937-BCC389EF257E}"
EndProject
Project("{FAE04EC0-301F-11D3-BF4B-00C04F79EFBC}") = "BLL", "..\BLL\BLL.csproj", "{A7458484-CFC0-45B4-831F-F7255B4A51BA}"
EndProject
Project("{FAE04EC0-301F-11D3-BF4B-00C04F79EFBC}") = "Domain", "..\Domain\Domain.csproj", "{A8BBFAC1-AE0F-49B5-BE07-D2893DD6512A}"
EndProject
Global
	GlobalSection(SolutionConfigurationPlatforms) = preSolution
		Debug|Any CPU = Debug|Any CPU
		Release|Any CPU = Release|Any CPU
	EndGlobalSection
	GlobalSection(ProjectConfigurationPlatforms) = postSolution
		{2438F9F5-F05B-43A0-A491-74D08CFFE561}.Debug|Any CPU.ActiveCfg = Debug|Any CPU
		{2438F9F5-F05B-43A0-A491-74D08CFFE561}.Debug|Any CPU.Build.0 = Debug|Any CPU
		{2438F9F5-F05B-43A0-A491-74D08CFFE561}.Release|Any CPU.ActiveCfg = Release|Any CPU
		{2438F9F5-F05B-43A0-A491-74D08CFFE561}.Release|Any CPU.Build.0 = Release|Any CPU
		{3A7F70FE-F750-4F8F-AD6F-CD4E30C0ED11}.Debug|Any CPU.ActiveCfg = Debug|Any CPU
		{3A7F70FE-F750-4F8F-AD6F-CD4E30C0ED11}.Debug|Any CPU.Build.0 = Debug|Any CPU
		{3A7F70FE-F750-4F8F-AD6F-CD4E30C0ED11}.Release|Any CPU.ActiveCfg = Release|Any CPU
		{3A7F70FE-F750-4F8F-AD6F-CD4E30C0ED11}.Release|Any CPU.Build.0 = Release|Any CPU
		{7CDAE67F-92C6-4D50-8937-BCC389EF257E}.Debug|Any CPU.ActiveCfg = Debug|Any CPU
		{7CDAE67F-92C6-4D50-8937-BCC389EF257E}.Debug|Any CPU.Build.0 = Debug|Any CPU
		{7CDAE67F-92C6-4D50-8937-BCC389EF257E}.Release|Any CPU.ActiveCfg = Release|Any CPU
		{7CDAE67F-92C6-4D50-8937-BCC389EF257E}.Release|Any CPU.Build.0 = Release|Any CPU
		{A7458484-CFC0-45B4-831F-F7255B4A51BA}.Debug|Any CPU.ActiveCfg = Debug|Any CPU
		{A7458484-CFC0-45B4-831F-F7255B4A51BA}.Debug|Any CPU.Build.0 = Debug|Any CPU
		{A7458484-CFC0-45B4-831F-F7255B4A51BA}.Release|Any CPU.ActiveCfg = Release|Any CPU
		{A7458484-CFC0-45B4-831F-F7255B4A51BA}.Release|Any CPU.Build.0 = Release|Any CPU
		{A8BBFAC1-AE0F-49B5-BE07-D2893DD6512A}.Debug|Any CPU.ActiveCfg = Debug|Any CPU
		{A8BBFAC1-AE0F-49B5-BE07-D2893DD6512A}.Debug|Any CPU.Build.0 = Debug|Any CPU
		{A8BBFAC1-AE0F-49B5-BE07-D2893DD6512A}.Release|Any CPU.ActiveCfg = Release|Any CPU
		{A8BBFAC1-AE0F-49B5-BE07-D2893DD6512A}.Release|Any CPU.Build.0 = Release|Any CPU
	EndGlobalSection
	GlobalSection(SolutionProperties) = preSolution
		HideSolutionNode = FALSE
	EndGlobalSection
	GlobalSection(ExtensibilityGlobals) = postSolution
		SolutionGuid = {08CBDFC5-FE43-4BF0-B4C7-D1AE4B9A5DDB}
	EndGlobalSection
EndGlobal
